
Microsoft Visual Studio Solution File, Format Version 12.00
# Visual Studio Version 16
VisualStudioVersion = 16.0.31727.386
MinimumVisualStudioVersion = 10.0.40219.1
Project("{FAE04EC0-301F-11D3-BF4B-00C04F79EFBC}") = "ServiceReservasi", "ServiceReservasi\ServiceReservasi.csproj", "{E37476A7-770F-4D13-9DA2-BFC6B846FD92}"
EndProject
Global
	GlobalSection(SolutionConfigurationPlatforms) = preSolution
		Debug|Any CPU = Debug|Any CPU
		Release|Any CPU = Release|Any CPU
	EndGlobalSection
	GlobalSection(ProjectConfigurationPlatforms) = postSolution
		{E37476A7-770F-4D13-9DA2-BFC6B846FD92}.Debug|Any CPU.ActiveCfg = Debug|Any CPU
		{E37476A7-770F-4D13-9DA2-BFC6B846FD92}.Debug|Any CPU.Build.0 = Debug|Any CPU
		{E37476A7-770F-4D13-9DA2-BFC6B846FD92}.Release|Any CPU.ActiveCfg = Release|Any CPU
		{E37476A7-770F-4D13-9DA2-BFC6B846FD92}.Release|Any CPU.Build.0 = Release|Any CPU
	EndGlobalSection
	GlobalSection(SolutionProperties) = preSolution
		HideSolutionNode = FALSE
	EndGlobalSection
	GlobalSection(ExtensibilityGlobals) = postSolution
		SolutionGuid = {ABE29DB3-045E-4430-8007-0A8955D0C410}
	EndGlobalSection
EndGlobal
